// !$*UTF8*$!
{
	archiveVersion = 1;
	classes = {
	};
	objectVersion = 46;
	objects = {

/* Begin PBXBuildFile section */
		CCF57D7718AC70AA00A02DF3 /* Foundation.framework in Frameworks */ = {isa = PBXBuildFile; fileRef = CCF57D7618AC70AA00A02DF3 /* Foundation.framework */; };
		CCF57D7918AC70AA00A02DF3 /* CoreGraphics.framework in Frameworks */ = {isa = PBXBuildFile; fileRef = CCF57D7818AC70AA00A02DF3 /* CoreGraphics.framework */; };
		CCF57D7B18AC70AA00A02DF3 /* UIKit.framework in Frameworks */ = {isa = PBXBuildFile; fileRef = CCF57D7A18AC70AA00A02DF3 /* UIKit.framework */; };
		CCF57D8118AC70AA00A02DF3 /* InfoPlist.strings in Resources */ = {isa = PBXBuildFile; fileRef = CCF57D7F18AC70AA00A02DF3 /* InfoPlist.strings */; };
		CCF57D8318AC70AA00A02DF3 /* main.m in Sources */ = {isa = PBXBuildFile; fileRef = CCF57D8218AC70AA00A02DF3 /* main.m */; };
		CCF57D8718AC70AA00A02DF3 /* AppDelegate.m in Sources */ = {isa = PBXBuildFile; fileRef = CCF57D8618AC70AA00A02DF3 /* AppDelegate.m */; };
		CCF57D8A18AC70AB00A02DF3 /* Main_iPhone.storyboard in Resources */ = {isa = PBXBuildFile; fileRef = CCF57D8818AC70AB00A02DF3 /* Main_iPhone.storyboard */; };
		CCF57D8D18AC70AB00A02DF3 /* Main_iPad.storyboard in Resources */ = {isa = PBXBuildFile; fileRef = CCF57D8B18AC70AB00A02DF3 /* Main_iPad.storyboard */; };
		CCF57D9018AC70AB00A02DF3 /* ViewController.m in Sources */ = {isa = PBXBuildFile; fileRef = CCF57D8F18AC70AB00A02DF3 /* ViewController.m */; };
		CCF57D9218AC70AB00A02DF3 /* Images.xcassets in Resources */ = {isa = PBXBuildFile; fileRef = CCF57D9118AC70AB00A02DF3 /* Images.xcassets */; };
		CCF57D9918AC70AB00A02DF3 /* XCTest.framework in Frameworks */ = {isa = PBXBuildFile; fileRef = CCF57D9818AC70AB00A02DF3 /* XCTest.framework */; };
		CCF57D9A18AC70AB00A02DF3 /* Foundation.framework in Frameworks */ = {isa = PBXBuildFile; fileRef = CCF57D7618AC70AA00A02DF3 /* Foundation.framework */; };
		CCF57D9B18AC70AB00A02DF3 /* UIKit.framework in Frameworks */ = {isa = PBXBuildFile; fileRef = CCF57D7A18AC70AA00A02DF3 /* UIKit.framework */; };
		CCF57DA318AC70AB00A02DF3 /* InfoPlist.strings in Resources */ = {isa = PBXBuildFile; fileRef = CCF57DA118AC70AB00A02DF3 /* InfoPlist.strings */; };
		CCF57DA518AC70AB00A02DF3 /* SortingTests.m in Sources */ = {isa = PBXBuildFile; fileRef = CCF57DA418AC70AB00A02DF3 /* SortingTests.m */; };
/* End PBXBuildFile section */

/* Begin PBXContainerItemProxy section */
		CCF57D9C18AC70AB00A02DF3 /* PBXContainerItemProxy */ = {
			isa = PBXContainerItemProxy;
			containerPortal = CCF57D6B18AC70AA00A02DF3 /* Project object */;
			proxyType = 1;
			remoteGlobalIDString = CCF57D7218AC70AA00A02DF3;
			remoteInfo = Sorting;
		};
/* End PBXContainerItemProxy section */

/* Begin PBXFileReference section */
		CCF57D7318AC70AA00A02DF3 /* Sorting.app */ = {isa = PBXFileReference; explicitFileType = wrapper.application; includeInIndex = 0; path = Sorting.app; sourceTree = BUILT_PRODUCTS_DIR; };
		CCF57D7618AC70AA00A02DF3 /* Foundation.framework */ = {isa = PBXFileReference; lastKnownFileType = wrapper.framework; name = Foundation.framework; path = System/Library/Frameworks/Foundation.framework; sourceTree = SDKROOT; };
		CCF57D7818AC70AA00A02DF3 /* CoreGraphics.framework */ = {isa = PBXFileReference; lastKnownFileType = wrapper.framework; name = CoreGraphics.framework; path = System/Library/Frameworks/CoreGraphics.framework; sourceTree = SDKROOT; };
		CCF57D7A18AC70AA00A02DF3 /* UIKit.framework */ = {isa = PBXFileReference; lastKnownFileType = wrapper.framework; name = UIKit.framework; path = System/Library/Frameworks/UIKit.framework; sourceTree = SDKROOT; };
		CCF57D7E18AC70AA00A02DF3 /* Sorting-Info.plist */ = {isa = PBXFileReference; lastKnownFileType = text.plist.xml; path = "Sorting-Info.plist"; sourceTree = "<group>"; };
		CCF57D8018AC70AA00A02DF3 /* en */ = {isa = PBXFileReference; lastKnownFileType = text.plist.strings; name = en; path = en.lproj/InfoPlist.strings; sourceTree = "<group>"; };
		CCF57D8218AC70AA00A02DF3 /* main.m */ = {isa = PBXFileReference; lastKnownFileType = sourcecode.c.objc; path = main.m; sourceTree = "<group>"; };
		CCF57D8418AC70AA00A02DF3 /* Sorting-Prefix.pch */ = {isa = PBXFileReference; lastKnownFileType = sourcecode.c.h; path = "Sorting-Prefix.pch"; sourceTree = "<group>"; };
		CCF57D8518AC70AA00A02DF3 /* AppDelegate.h */ = {isa = PBXFileReference; lastKnownFileType = sourcecode.c.h; path = AppDelegate.h; sourceTree = "<group>"; };
		CCF57D8618AC70AA00A02DF3 /* AppDelegate.m */ = {isa = PBXFileReference; lastKnownFileType = sourcecode.c.objc; path = AppDelegate.m; sourceTree = "<group>"; };
		CCF57D8918AC70AB00A02DF3 /* Base */ = {isa = PBXFileReference; lastKnownFileType = file.storyboard; name = Base; path = Base.lproj/Main_iPhone.storyboard; sourceTree = "<group>"; };
		CCF57D8C18AC70AB00A02DF3 /* Base */ = {isa = PBXFileReference; lastKnownFileType = file.storyboard; name = Base; path = Base.lproj/Main_iPad.storyboard; sourceTree = "<group>"; };
		CCF57D8E18AC70AB00A02DF3 /* ViewController.h */ = {isa = PBXFileReference; lastKnownFileType = sourcecode.c.h; path = ViewController.h; sourceTree = "<group>"; };
		CCF57D8F18AC70AB00A02DF3 /* ViewController.m */ = {isa = PBXFileReference; lastKnownFileType = sourcecode.c.objc; path = ViewController.m; sourceTree = "<group>"; };
		CCF57D9118AC70AB00A02DF3 /* Images.xcassets */ = {isa = PBXFileReference; lastKnownFileType = folder.assetcatalog; path = Images.xcassets; sourceTree = "<group>"; };
		CCF57D9718AC70AB00A02DF3 /* SortingTests.xctest */ = {isa = PBXFileReference; explicitFileType = wrapper.cfbundle; includeInIndex = 0; path = SortingTests.xctest; sourceTree = BUILT_PRODUCTS_DIR; };
		CCF57D9818AC70AB00A02DF3 /* XCTest.framework */ = {isa = PBXFileReference; lastKnownFileType = wrapper.framework; name = XCTest.framework; path = Library/Frameworks/XCTest.framework; sourceTree = DEVELOPER_DIR; };
		CCF57DA018AC70AB00A02DF3 /* SortingTests-Info.plist */ = {isa = PBXFileReference; lastKnownFileType = text.plist.xml; path = "SortingTests-Info.plist"; sourceTree = "<group>"; };
		CCF57DA218AC70AB00A02DF3 /* en */ = {isa = PBXFileReference; lastKnownFileType = text.plist.strings; name = en; path = en.lproj/InfoPlist.strings; sourceTree = "<group>"; };
		CCF57DA418AC70AB00A02DF3 /* SortingTests.m */ = {isa = PBXFileReference; lastKnownFileType = sourcecode.c.objc; path = SortingTests.m; sourceTree = "<group>"; };
/* End PBXFileReference section */

/* Begin PBXFrameworksBuildPhase section */
		CCF57D7018AC70AA00A02DF3 /* Frameworks */ = {
			isa = PBXFrameworksBuildPhase;
			buildActionMask = 2147483647;
			files = (
				CCF57D7918AC70AA00A02DF3 /* CoreGraphics.framework in Frameworks */,
				CCF57D7B18AC70AA00A02DF3 /* UIKit.framework in Frameworks */,
				CCF57D7718AC70AA00A02DF3 /* Foundation.framework in Frameworks */,
			);
			runOnlyForDeploymentPostprocessing = 0;
		};
		CCF57D9418AC70AB00A02DF3 /* Frameworks */ = {
			isa = PBXFrameworksBuildPhase;
			buildActionMask = 2147483647;
			files = (
				CCF57D9918AC70AB00A02DF3 /* XCTest.framework in Frameworks */,
				CCF57D9B18AC70AB00A02DF3 /* UIKit.framework in Frameworks */,
				CCF57D9A18AC70AB00A02DF3 /* Foundation.framework in Frameworks */,
			);
			runOnlyForDeploymentPostprocessing = 0;
		};
/* End PBXFrameworksBuildPhase section */

/* Begin PBXGroup section */
		CCF57D6A18AC70AA00A02DF3 = {
			isa = PBXGroup;
			children = (
				CCF57D7C18AC70AA00A02DF3 /* Sorting */,
				CCF57D9E18AC70AB00A02DF3 /* SortingTests */,
				CCF57D7518AC70AA00A02DF3 /* Frameworks */,
				CCF57D7418AC70AA00A02DF3 /* Products */,
			);
			sourceTree = "<group>";
		};
		CCF57D7418AC70AA00A02DF3 /* Products */ = {
			isa = PBXGroup;
			children = (
				CCF57D7318AC70AA00A02DF3 /* Sorting.app */,
				CCF57D9718AC70AB00A02DF3 /* SortingTests.xctest */,
			);
			name = Products;
			sourceTree = "<group>";
		};
		CCF57D7518AC70AA00A02DF3 /* Frameworks */ = {
			isa = PBXGroup;
			children = (
				CCF57D7618AC70AA00A02DF3 /* Foundation.framework */,
				CCF57D7818AC70AA00A02DF3 /* CoreGraphics.framework */,
				CCF57D7A18AC70AA00A02DF3 /* UIKit.framework */,
				CCF57D9818AC70AB00A02DF3 /* XCTest.framework */,
			);
			name = Frameworks;
			sourceTree = "<group>";
		};
		CCF57D7C18AC70AA00A02DF3 /* Sorting */ = {
			isa = PBXGroup;
			children = (
				CCF57D8518AC70AA00A02DF3 /* AppDelegate.h */,
				CCF57D8618AC70AA00A02DF3 /* AppDelegate.m */,
				CCF57D8818AC70AB00A02DF3 /* Main_iPhone.storyboard */,
				CCF57D8B18AC70AB00A02DF3 /* Main_iPad.storyboard */,
				CCF57D8E18AC70AB00A02DF3 /* ViewController.h */,
				CCF57D8F18AC70AB00A02DF3 /* ViewController.m */,
				CCF57D9118AC70AB00A02DF3 /* Images.xcassets */,
				CCF57D7D18AC70AA00A02DF3 /* Supporting Files */,
			);
			path = Sorting;
			sourceTree = "<group>";
		};
		CCF57D7D18AC70AA00A02DF3 /* Supporting Files */ = {
			isa = PBXGroup;
			children = (
				CCF57D7E18AC70AA00A02DF3 /* Sorting-Info.plist */,
				CCF57D7F18AC70AA00A02DF3 /* InfoPlist.strings */,
				CCF57D8218AC70AA00A02DF3 /* main.m */,
				CCF57D8418AC70AA00A02DF3 /* Sorting-Prefix.pch */,
			);
			name = "Supporting Files";
			sourceTree = "<group>";
		};
		CCF57D9E18AC70AB00A02DF3 /* SortingTests */ = {
			isa = PBXGroup;
			children = (
				CCF57DA418AC70AB00A02DF3 /* SortingTests.m */,
				CCF57D9F18AC70AB00A02DF3 /* Supporting Files */,
			);
			path = SortingTests;
			sourceTree = "<group>";
		};
		CCF57D9F18AC70AB00A02DF3 /* Supporting Files */ = {
			isa = PBXGroup;
			children = (
				CCF57DA018AC70AB00A02DF3 /* SortingTests-Info.plist */,
				CCF57DA118AC70AB00A02DF3 /* InfoPlist.strings */,
			);
			name = "Supporting Files";
			sourceTree = "<group>";
		};
/* End PBXGroup section */

/* Begin PBXNativeTarget section */
		CCF57D7218AC70AA00A02DF3 /* Sorting */ = {
			isa = PBXNativeTarget;
			buildConfigurationList = CCF57DA818AC70AB00A02DF3 /* Build configuration list for PBXNativeTarget "Sorting" */;
			buildPhases = (
				CCF57D6F18AC70AA00A02DF3 /* Sources */,
				CCF57D7018AC70AA00A02DF3 /* Frameworks */,
				CCF57D7118AC70AA00A02DF3 /* Resources */,
			);
			buildRules = (
			);
			dependencies = (
			);
			name = Sorting;
			productName = Sorting;
			productReference = CCF57D7318AC70AA00A02DF3 /* Sorting.app */;
			productType = "com.apple.product-type.application";
		};
		CCF57D9618AC70AB00A02DF3 /* SortingTests */ = {
			isa = PBXNativeTarget;
			buildConfigurationList = CCF57DAB18AC70AB00A02DF3 /* Build configuration list for PBXNativeTarget "SortingTests" */;
			buildPhases = (
				CCF57D9318AC70AB00A02DF3 /* Sources */,
				CCF57D9418AC70AB00A02DF3 /* Frameworks */,
				CCF57D9518AC70AB00A02DF3 /* Resources */,
			);
			buildRules = (
			);
			dependencies = (
				CCF57D9D18AC70AB00A02DF3 /* PBXTargetDependency */,
			);
			name = SortingTests;
			productName = SortingTests;
			productReference = CCF57D9718AC70AB00A02DF3 /* SortingTests.xctest */;
			productType = "com.apple.product-type.bundle.unit-test";
		};
/* End PBXNativeTarget section */

/* Begin PBXProject section */
		CCF57D6B18AC70AA00A02DF3 /* Project object */ = {
			isa = PBXProject;
			attributes = {
				LastUpgradeCheck = 0500;
				ORGANIZATIONNAME = Ben;
				TargetAttributes = {
					CCF57D9618AC70AB00A02DF3 = {
						TestTargetID = CCF57D7218AC70AA00A02DF3;
					};
				};
			};
			buildConfigurationList = CCF57D6E18AC70AA00A02DF3 /* Build configuration list for PBXProject "Sorting" */;
			compatibilityVersion = "Xcode 3.2";
			developmentRegion = English;
			hasScannedForEncodings = 0;
			knownRegions = (
				en,
				Base,
			);
			mainGroup = CCF57D6A18AC70AA00A02DF3;
			productRefGroup = CCF57D7418AC70AA00A02DF3 /* Products */;
			projectDirPath = "";
			projectRoot = "";
			targets = (
				CCF57D7218AC70AA00A02DF3 /* Sorting */,
				CCF57D9618AC70AB00A02DF3 /* SortingTests */,
			);
		};
/* End PBXProject section */

/* Begin PBXResourcesBuildPhase section */
		CCF57D7118AC70AA00A02DF3 /* Resources */ = {
			isa = PBXResourcesBuildPhase;
			buildActionMask = 2147483647;
			files = (
				CCF57D8D18AC70AB00A02DF3 /* Main_iPad.storyboard in Resources */,
				CCF57D9218AC70AB00A02DF3 /* Images.xcassets in Resources */,
				CCF57D8A18AC70AB00A02DF3 /* Main_iPhone.storyboard in Resources */,
				CCF57D8118AC70AA00A02DF3 /* InfoPlist.strings in Resources */,
			);
			runOnlyForDeploymentPostprocessing = 0;
		};
		CCF57D9518AC70AB00A02DF3 /* Resources */ = {
			isa = PBXResourcesBuildPhase;
			buildActionMask = 2147483647;
			files = (
				CCF57DA318AC70AB00A02DF3 /* InfoPlist.strings in Resources */,
			);
			runOnlyForDeploymentPostprocessing = 0;
		};
/* End PBXResourcesBuildPhase section */

/* Begin PBXSourcesBuildPhase section */
		CCF57D6F18AC70AA00A02DF3 /* Sources */ = {
			isa = PBXSourcesBuildPhase;
			buildActionMask = 2147483647;
			files = (
				CCF57D9018AC70AB00A02DF3 /* ViewController.m in Sources */,
				CCF57D8718AC70AA00A02DF3 /* AppDelegate.m in Sources */,
				CCF57D8318AC70AA00A02DF3 /* main.m in Sources */,
			);
			runOnlyForDeploymentPostprocessing = 0;
		};
		CCF57D9318AC70AB00A02DF3 /* Sources */ = {
			isa = PBXSourcesBuildPhase;
			buildActionMask = 2147483647;
			files = (
				CCF57DA518AC70AB00A02DF3 /* SortingTests.m in Sources */,
			);
			runOnlyForDeploymentPostprocessing = 0;
		};
/* End PBXSourcesBuildPhase section */

/* Begin PBXTargetDependency section */
		CCF57D9D18AC70AB00A02DF3 /* PBXTargetDependency */ = {
			isa = PBXTargetDependency;
			target = CCF57D7218AC70AA00A02DF3 /* Sorting */;
			targetProxy = CCF57D9C18AC70AB00A02DF3 /* PBXContainerItemProxy */;
		};
/* End PBXTargetDependency section */

/* Begin PBXVariantGroup section */
		CCF57D7F18AC70AA00A02DF3 /* InfoPlist.strings */ = {
			isa = PBXVariantGroup;
			children = (
				CCF57D8018AC70AA00A02DF3 /* en */,
			);
			name = InfoPlist.strings;
			sourceTree = "<group>";
		};
		CCF57D8818AC70AB00A02DF3 /* Main_iPhone.storyboard */ = {
			isa = PBXVariantGroup;
			children = (
				CCF57D8918AC70AB00A02DF3 /* Base */,
			);
			name = Main_iPhone.storyboard;
			sourceTree = "<group>";
		};
		CCF57D8B18AC70AB00A02DF3 /* Main_iPad.storyboard */ = {
			isa = PBXVariantGroup;
			children = (
				CCF57D8C18AC70AB00A02DF3 /* Base */,
			);
			name = Main_iPad.storyboard;
			sourceTree = "<group>";
		};
		CCF57DA118AC70AB00A02DF3 /* InfoPlist.strings */ = {
			isa = PBXVariantGroup;
			children = (
				CCF57DA218AC70AB00A02DF3 /* en */,
			);
			name = InfoPlist.strings;
			sourceTree = "<group>";
		};
/* End PBXVariantGroup section */

/* Begin XCBuildConfiguration section */
		CCF57DA618AC70AB00A02DF3 /* Debug */ = {
			isa = XCBuildConfiguration;
			buildSettings = {
				ALWAYS_SEARCH_USER_PATHS = NO;
				ARCHS = "$(ARCHS_STANDARD_INCLUDING_64_BIT)";
				CLANG_CXX_LANGUAGE_STANDARD = "gnu++0x";
				CLANG_CXX_LIBRARY = "libc++";
				CLANG_ENABLE_MODULES = YES;
				CLANG_ENABLE_OBJC_ARC = YES;
				CLANG_WARN_BOOL_CONVERSION = YES;
				CLANG_WARN_CONSTANT_CONVERSION = YES;
				CLANG_WARN_DIRECT_OBJC_ISA_USAGE = YES_ERROR;
				CLANG_WARN_EMPTY_BODY = YES;
				CLANG_WARN_ENUM_CONVERSION = YES;
				CLANG_WARN_INT_CONVERSION = YES;
				CLANG_WARN_OBJC_ROOT_CLASS = YES_ERROR;
				CLANG_WARN__DUPLICATE_METHOD_MATCH = YES;
				"CODE_SIGN_IDENTITY[sdk=iphoneos*]" = "iPhone Developer";
				COPY_PHASE_STRIP = NO;
				GCC_C_LANGUAGE_STANDARD = gnu99;
				GCC_DYNAMIC_NO_PIC = NO;
				GCC_OPTIMIZATION_LEVEL = 0;
				GCC_PREPROCESSOR_DEFINITIONS = (
					"DEBUG=1",
					"$(inherited)",
				);
				GCC_SYMBOLS_PRIVATE_EXTERN = NO;
				GCC_WARN_64_TO_32_BIT_CONVERSION = YES;
				GCC_WARN_ABOUT_RETURN_TYPE = YES_ERROR;
				GCC_WARN_UNDECLARED_SELECTOR = YES;
				GCC_WARN_UNINITIALIZED_AUTOS = YES;
				GCC_WARN_UNUSED_FUNCTION = YES;
				GCC_WARN_UNUSED_VARIABLE = YES;
				IPHONEOS_DEPLOYMENT_TARGET = 7.0;
				ONLY_ACTIVE_ARCH = YES;
				SDKROOT = iphoneos;
				TARGETED_DEVICE_FAMILY = "1,2";
			};
			name = Debug;
		};
		CCF57DA718AC70AB00A02DF3 /* Release */ = {
			isa = XCBuildConfiguration;
			buildSettings = {
				ALWAYS_SEARCH_USER_PATHS = NO;
				ARCHS = "$(ARCHS_STANDARD_INCLUDING_64_BIT)";
				CLANG_CXX_LANGUAGE_STANDARD = "gnu++0x";
				CLANG_CXX_LIBRARY = "libc++";
				CLANG_ENABLE_MODULES = YES;
				CLANG_ENABLE_OBJC_ARC = YES;
				CLANG_WARN_BOOL_CONVERSION = YES;
				CLANG_WARN_CONSTANT_CONVERSION = YES;
				CLANG_WARN_DIRECT_OBJC_ISA_USAGE = YES_ERROR;
				CLANG_WARN_EMPTY_BODY = YES;
				CLANG_WARN_ENUM_CONVERSION = YES;
				CLANG_WARN_INT_CONVERSION = YES;
				CLANG_WARN_OBJC_ROOT_CLASS = YES_ERROR;
				CLANG_WARN__DUPLICATE_METHOD_MATCH = YES;
				"CODE_SIGN_IDENTITY[sdk=iphoneos*]" = "iPhone Developer";
				COPY_PHASE_STRIP = YES;
				ENABLE_NS_ASSERTIONS = NO;
				GCC_C_LANGUAGE_STANDARD = gnu99;
				GCC_WARN_64_TO_32_BIT_CONVERSION = YES;
				GCC_WARN_ABOUT_RETURN_TYPE = YES_ERROR;
				GCC_WARN_UNDECLARED_SELECTOR = YES;
				GCC_WARN_UNINITIALIZED_AUTOS = YES;
				GCC_WARN_UNUSED_FUNCTION = YES;
				GCC_WARN_UNUSED_VARIABLE = YES;
				IPHONEOS_DEPLOYMENT_TARGET = 7.0;
				SDKROOT = iphoneos;
				TARGETED_DEVICE_FAMILY = "1,2";
				VALIDATE_PRODUCT = YES;
			};
			name = Release;
		};
		CCF57DA918AC70AB00A02DF3 /* Debug */ = {
			isa = XCBuildConfiguration;
			buildSettings = {
				ASSETCATALOG_COMPILER_APPICON_NAME = AppIcon;
				ASSETCATALOG_COMPILER_LAUNCHIMAGE_NAME = LaunchImage;
				GCC_PRECOMPILE_PREFIX_HEADER = YES;
				GCC_PREFIX_HEADER = "Sorting/Sorting-Prefix.pch";
				INFOPLIST_FILE = "Sorting/Sorting-Info.plist";
				PRODUCT_NAME = "$(TARGET_NAME)";
				WRAPPER_EXTENSION = app;
			};
			name = Debug;
		};
		CCF57DAA18AC70AB00A02DF3 /* Release */ = {
			isa = XCBuildConfiguration;
			buildSettings = {
				ASSETCATALOG_COMPILER_APPICON_NAME = AppIcon;
				ASSETCATALOG_COMPILER_LAUNCHIMAGE_NAME = LaunchImage;
				GCC_PRECOMPILE_PREFIX_HEADER = YES;
				GCC_PREFIX_HEADER = "Sorting/Sorting-Prefix.pch";
				INFOPLIST_FILE = "Sorting/Sorting-Info.plist";
				PRODUCT_NAME = "$(TARGET_NAME)";
				WRAPPER_EXTENSION = app;
			};
			name = Release;
		};
		CCF57DAC18AC70AB00A02DF3 /* Debug */ = {
			isa = XCBuildConfiguration;
			buildSettings = {
				ARCHS = "$(ARCHS_STANDARD_INCLUDING_64_BIT)";
				BUNDLE_LOADER = "$(BUILT_PRODUCTS_DIR)/Sorting.app/Sorting";
				FRAMEWORK_SEARCH_PATHS = (
					"$(SDKROOT)/Developer/Library/Frameworks",
					"$(inherited)",
					"$(DEVELOPER_FRAMEWORKS_DIR)",
				);
				GCC_PRECOMPILE_PREFIX_HEADER = YES;
				GCC_PREFIX_HEADER = "Sorting/Sorting-Prefix.pch";
				GCC_PREPROCESSOR_DEFINITIONS = (
					"DEBUG=1",
					"$(inherited)",
				);
				INFOPLIST_FILE = "SortingTests/SortingTests-Info.plist";
				PRODUCT_NAME = "$(TARGET_NAME)";
				TEST_HOST = "$(BUNDLE_LOADER)";
				WRAPPER_EXTENSION = xctest;
			};
			name = Debug;
		};
		CCF57DAD18AC70AB00A02DF3 /* Release */ = {
			isa = XCBuildConfiguration;
			buildSettings = {
				ARCHS = "$(ARCHS_STANDARD_INCLUDING_64_BIT)";
				BUNDLE_LOADER = "$(BUILT_PRODUCTS_DIR)/Sorting.app/Sorting";
				FRAMEWORK_SEARCH_PATHS = (
					"$(SDKROOT)/Developer/Library/Frameworks",
					"$(inherited)",
					"$(DEVELOPER_FRAMEWORKS_DIR)",
				);
				GCC_PRECOMPILE_PREFIX_HEADER = YES;
				GCC_PREFIX_HEADER = "Sorting/Sorting-Prefix.pch";
				INFOPLIST_FILE = "SortingTests/SortingTests-Info.plist";
				PRODUCT_NAME = "$(TARGET_NAME)";
				TEST_HOST = "$(BUNDLE_LOADER)";
				WRAPPER_EXTENSION = xctest;
			};
			name = Release;
		};
/* End XCBuildConfiguration section */

/* Begin XCConfigurationList section */
		CCF57D6E18AC70AA00A02DF3 /* Build configuration list for PBXProject "Sorting" */ = {
			isa = XCConfigurationList;
			buildConfigurations = (
				CCF57DA618AC70AB00A02DF3 /* Debug */,
				CCF57DA718AC70AB00A02DF3 /* Release */,
			);
			defaultConfigurationIsVisible = 0;
			defaultConfigurationName = Release;
		};
		CCF57DA818AC70AB00A02DF3 /* Build configuration list for PBXNativeTarget "Sorting" */ = {
			isa = XCConfigurationList;
			buildConfigurations = (
				CCF57DA918AC70AB00A02DF3 /* Debug */,
				CCF57DAA18AC70AB00A02DF3 /* Release */,
			);
			defaultConfigurationIsVisible = 0;
		};
		CCF57DAB18AC70AB00A02DF3 /* Build configuration list for PBXNativeTarget "SortingTests" */ = {
			isa = XCConfigurationList;
			buildConfigurations = (
				CCF57DAC18AC70AB00A02DF3 /* Debug */,
				CCF57DAD18AC70AB00A02DF3 /* Release */,
			);
			defaultConfigurationIsVisible = 0;
		};
/* End XCConfigurationList section */
	};
	rootObject = CCF57D6B18AC70AA00A02DF3 /* Project object */;
}
